github.com/anishathalye/porcupine v1.0.3 h1:0V+ZTHPjWUhYhiVaksoBFKfmBvoJrM3BXLQKGqPqiHM=
github.com/anishathalye/porcupine v1.0.3/go.mod h1:WM0SsFjWNl2Y4BqHr/E/ll2yY1GY1jqn+W7Z/84Zoog=
github.com/maruel/natural v1.1.1 h1:Hja7XhhmvEFhcByqDoHz9QZbkWey+COd9xWfCfn1ioo=
github.com/maruel/natural v1.1.1/go.mod h1:v+Rfd79xlw1AgVBjbO0BEQmptqb5HvL/k9GRHB7ZKEg=
